
Microsoft Visual Studio Solution File, Format Version 12.00
# Visual Studio Version 17
VisualStudioVersion = 17.13.35825.156 d17.13
MinimumVisualStudioVersion = 10.0.40219.1
Project("{FAE04EC0-301F-11D3-BF4B-00C04F79EFBC}") = "IMS.API", "IMS.API\IMS.API.csproj", "{44C9ED99-DE11-4541-AABA-03B533284895}"
EndProject
Project("{FAE04EC0-301F-11D3-BF4B-00C04F79EFBC}") = "Application", "Application\Application.csproj", "{8E5E9CAA-6580-4092-B329-B39B9EB3E37C}"
EndProject
Project("{FAE04EC0-301F-11D3-BF4B-00C04F79EFBC}") = "Domain", "Domain\Domain.csproj", "{556083B0-66C3-4F4B-822D-F1E84145A349}"
EndProject
Project("{FAE04EC0-301F-11D3-BF4B-00C04F79EFBC}") = "Infrastructure", "Infrastructure\Infrastructure.csproj", "{1D733744-6F23-4D5B-9AA5-89E780160F97}"
EndProject
Project("{FAE04EC0-301F-11D3-BF4B-00C04F79EFBC}") = "Shared", "Shared\Shared.csproj", "{CE1D0A3C-8E42-4818-8EDA-D2A26BA2ADA3}"
EndProject
Global
	GlobalSection(SolutionConfigurationPlatforms) = preSolution
		Debug|Any CPU = Debug|Any CPU
		Release|Any CPU = Release|Any CPU
	EndGlobalSection
	GlobalSection(ProjectConfigurationPlatforms) = postSolution
		{44C9ED99-DE11-4541-AABA-03B533284895}.Debug|Any CPU.ActiveCfg = Debug|Any CPU
		{44C9ED99-DE11-4541-AABA-03B533284895}.Debug|Any CPU.Build.0 = Debug|Any CPU
		{44C9ED99-DE11-4541-AABA-03B533284895}.Release|Any CPU.ActiveCfg = Release|Any CPU
		{44C9ED99-DE11-4541-AABA-03B533284895}.Release|Any CPU.Build.0 = Release|Any CPU
		{8E5E9CAA-6580-4092-B329-B39B9EB3E37C}.Debug|Any CPU.ActiveCfg = Debug|Any CPU
		{8E5E9CAA-6580-4092-B329-B39B9EB3E37C}.Debug|Any CPU.Build.0 = Debug|Any CPU
		{8E5E9CAA-6580-4092-B329-B39B9EB3E37C}.Release|Any CPU.ActiveCfg = Release|Any CPU
		{8E5E9CAA-6580-4092-B329-B39B9EB3E37C}.Release|Any CPU.Build.0 = Release|Any CPU
		{556083B0-66C3-4F4B-822D-F1E84145A349}.Debug|Any CPU.ActiveCfg = Debug|Any CPU
		{556083B0-66C3-4F4B-822D-F1E84145A349}.Debug|Any CPU.Build.0 = Debug|Any CPU
		{556083B0-66C3-4F4B-822D-F1E84145A349}.Release|Any CPU.ActiveCfg = Release|Any CPU
		{556083B0-66C3-4F4B-822D-F1E84145A349}.Release|Any CPU.Build.0 = Release|Any CPU
		{1D733744-6F23-4D5B-9AA5-89E780160F97}.Debug|Any CPU.ActiveCfg = Debug|Any CPU
		{1D733744-6F23-4D5B-9AA5-89E780160F97}.Debug|Any CPU.Build.0 = Debug|Any CPU
		{1D733744-6F23-4D5B-9AA5-89E780160F97}.Release|Any CPU.ActiveCfg = Release|Any CPU
		{1D733744-6F23-4D5B-9AA5-89E780160F97}.Release|Any CPU.Build.0 = Release|Any CPU
		{CE1D0A3C-8E42-4818-8EDA-D2A26BA2ADA3}.Debug|Any CPU.ActiveCfg = Debug|Any CPU
		{CE1D0A3C-8E42-4818-8EDA-D2A26BA2ADA3}.Debug|Any CPU.Build.0 = Debug|Any CPU
		{CE1D0A3C-8E42-4818-8EDA-D2A26BA2ADA3}.Release|Any CPU.ActiveCfg = Release|Any CPU
		{CE1D0A3C-8E42-4818-8EDA-D2A26BA2ADA3}.Release|Any CPU.Build.0 = Release|Any CPU
	EndGlobalSection
	GlobalSection(SolutionProperties) = preSolution
		HideSolutionNode = FALSE
	EndGlobalSection
	GlobalSection(ExtensibilityGlobals) = postSolution
		SolutionGuid = {7C2D076B-46E2-44F9-A14F-B80BB15282D4}
	EndGlobalSection
EndGlobal
